
Microsoft Visual Studio Solution File, Format Version 12.00
# Visual Studio Version 17
VisualStudioVersion = 17.5.33414.496
MinimumVisualStudioVersion = 10.0.40219.1
Project("{FAE04EC0-301F-11D3-BF4B-00C04F79EFBC}") = "MeowBot", "MeowBot\MeowBot.csproj", "{B062510A-5A01-4D29-AF6F-383E573AAD90}"
EndProject
Global
	GlobalSection(SolutionConfigurationPlatforms) = preSolution
		Debug|Any CPU = Debug|Any CPU
		Release|Any CPU = Release|Any CPU
	EndGlobalSection
	GlobalSection(ProjectConfigurationPlatforms) = postSolution
		{B062510A-5A01-4D29-AF6F-383E573AAD90}.Debug|Any CPU.ActiveCfg = Debug|Any CPU
		{B062510A-5A01-4D29-AF6F-383E573AAD90}.Debug|Any CPU.Build.0 = Debug|Any CPU
		{B062510A-5A01-4D29-AF6F-383E573AAD90}.Release|Any CPU.ActiveCfg = Release|Any CPU
		{B062510A-5A01-4D29-AF6F-383E573AAD90}.Release|Any CPU.Build.0 = Release|Any CPU
	EndGlobalSection
	GlobalSection(SolutionProperties) = preSolution
		HideSolutionNode = FALSE
	EndGlobalSection
	GlobalSection(ExtensibilityGlobals) = postSolution
		SolutionGuid = {D51653E2-2E8D-4F7A-BE26-5550A4133284}
	EndGlobalSection
EndGlobal
